
Microsoft Visual Studio Solution File, Format Version 12.00
# Visual Studio Version 17
VisualStudioVersion = 17.0.31903.59
MinimumVisualStudioVersion = 10.0.40219.1
Project("{2150E333-8FDC-42A3-9474-1A3956D46DE8}") = "src", "src", "{827E0CD3-B72D-47B6-A68D-7590B98EB39B}"
EndProject
Project("{FAE04EC0-301F-11D3-BF4B-00C04F79EFBC}") = "TaskManager.Domain", "src\TaskManager.Domain\TaskManager.Domain.csproj", "{96F66A6F-69D0-44F5-9C9C-8254C4A8682C}"
EndProject
Project("{FAE04EC0-301F-11D3-BF4B-00C04F79EFBC}") = "TaskManager.Application", "src\TaskManager.Application\TaskManager.Application.csproj", "{D2EE87FF-5D59-4D84-8422-3A81D8556A70}"
EndProject
Project("{FAE04EC0-301F-11D3-BF4B-00C04F79EFBC}") = "TaskManager.Infrastructure", "src\TaskManager.Infrastructure\TaskManager.Infrastructure.csproj", "{CC37056F-C1A9-471F-96FB-23E77850F9E8}"
EndProject
Project("{FAE04EC0-301F-11D3-BF4B-00C04F79EFBC}") = "TaskManager.Api", "src\TaskManager.Api\TaskManager.Api.csproj", "{36DA9FC3-B273-460D-9519-210FC126C12F}"
EndProject
Project("{FAE04EC0-301F-11D3-BF4B-00C04F79EFBC}") = "TaskManager.Web", "src\TaskManager.Web\TaskManager.Web.csproj", "{26ABD6D3-1221-4B5E-BEDA-18837F623C1E}"
EndProject
Project("{2150E333-8FDC-42A3-9474-1A3956D46DE8}") = "tests", "tests", "{0AB3BF05-4346-4AA6-1389-037BE0695223}"
EndProject
Project("{FAE04EC0-301F-11D3-BF4B-00C04F79EFBC}") = "TaskManager.Domain.Tests", "tests\TaskManager.Domain.Tests\TaskManager.Domain.Tests.csproj", "{A4471605-7453-41CC-B296-5C7AA113EB27}"
EndProject
Project("{FAE04EC0-301F-11D3-BF4B-00C04F79EFBC}") = "TaskManager.Application.Tests", "tests\TaskManager.Application.Tests\TaskManager.Application.Tests.csproj", "{731820AE-87F3-46B6-9DCC-7B13BC369F4E}"
EndProject
Project("{FAE04EC0-301F-11D3-BF4B-00C04F79EFBC}") = "TaskManager.Infrastructure.Tests", "tests\TaskManager.Infrastructure.Tests\TaskManager.Infrastructure.Tests.csproj", "{0641A77B-3E6F-42C5-A2BC-0FF657085AD1}"
EndProject
Project("{FAE04EC0-301F-11D3-BF4B-00C04F79EFBC}") = "TaskManager.Api.Tests", "tests\TaskManager.Api.Tests\TaskManager.Api.Tests.csproj", "{3038F9A4-6C43-41BE-AADD-D5F6B9A9240A}"
EndProject
Global
	GlobalSection(SolutionConfigurationPlatforms) = preSolution
		Debug|Any CPU = Debug|Any CPU
		Debug|x64 = Debug|x64
		Debug|x86 = Debug|x86
		Release|Any CPU = Release|Any CPU
		Release|x64 = Release|x64
		Release|x86 = Release|x86
	EndGlobalSection
	GlobalSection(ProjectConfigurationPlatforms) = postSolution
		{96F66A6F-69D0-44F5-9C9C-8254C4A8682C}.Debug|Any CPU.ActiveCfg = Debug|Any CPU
		{96F66A6F-69D0-44F5-9C9C-8254C4A8682C}.Debug|Any CPU.Build.0 = Debug|Any CPU
		{96F66A6F-69D0-44F5-9C9C-8254C4A8682C}.Debug|x64.ActiveCfg = Debug|Any CPU
		{96F66A6F-69D0-44F5-9C9C-8254C4A8682C}.Debug|x64.Build.0 = Debug|Any CPU
		{96F66A6F-69D0-44F5-9C9C-8254C4A8682C}.Debug|x86.ActiveCfg = Debug|Any CPU
		{96F66A6F-69D0-44F5-9C9C-8254C4A8682C}.Debug|x86.Build.0 = Debug|Any CPU
		{96F66A6F-69D0-44F5-9C9C-8254C4A8682C}.Release|Any CPU.ActiveCfg = Release|Any CPU
		{96F66A6F-69D0-44F5-9C9C-8254C4A8682C}.Release|Any CPU.Build.0 = Release|Any CPU
		{96F66A6F-69D0-44F5-9C9C-8254C4A8682C}.Release|x64.ActiveCfg = Release|Any CPU
		{96F66A6F-69D0-44F5-9C9C-8254C4A8682C}.Release|x64.Build.0 = Release|Any CPU
		{96F66A6F-69D0-44F5-9C9C-8254C4A8682C}.Release|x86.ActiveCfg = Release|Any CPU
		{96F66A6F-69D0-44F5-9C9C-8254C4A8682C}.Release|x86.Build.0 = Release|Any CPU
		{D2EE87FF-5D59-4D84-8422-3A81D8556A70}.Debug|Any CPU.ActiveCfg = Debug|Any CPU
		{D2EE87FF-5D59-4D84-8422-3A81D8556A70}.Debug|Any CPU.Build.0 = Debug|Any CPU
		{D2EE87FF-5D59-4D84-8422-3A81D8556A70}.Debug|x64.ActiveCfg = Debug|Any CPU
		{D2EE87FF-5D59-4D84-8422-3A81D8556A70}.Debug|x64.Build.0 = Debug|Any CPU
		{D2EE87FF-5D59-4D84-8422-3A81D8556A70}.Debug|x86.ActiveCfg = Debug|Any CPU
		{D2EE87FF-5D59-4D84-8422-3A81D8556A70}.Debug|x86.Build.0 = Debug|Any CPU
		{D2EE87FF-5D59-4D84-8422-3A81D8556A70}.Release|Any CPU.ActiveCfg = Release|Any CPU
		{D2EE87FF-5D59-4D84-8422-3A81D8556A70}.Release|Any CPU.Build.0 = Release|Any CPU
		{D2EE87FF-5D59-4D84-8422-3A81D8556A70}.Release|x64.ActiveCfg = Release|Any CPU
		{D2EE87FF-5D59-4D84-8422-3A81D8556A70}.Release|x64.Build.0 = Release|Any CPU
		{D2EE87FF-5D59-4D84-8422-3A81D8556A70}.Release|x86.ActiveCfg = Release|Any CPU
		{D2EE87FF-5D59-4D84-8422-3A81D8556A70}.Release|x86.Build.0 = Release|Any CPU
		{CC37056F-C1A9-471F-96FB-23E77850F9E8}.Debug|Any CPU.ActiveCfg = Debug|Any CPU
		{CC37056F-C1A9-471F-96FB-23E77850F9E8}.Debug|Any CPU.Build.0 = Debug|Any CPU
		{CC37056F-C1A9-471F-96FB-23E77850F9E8}.Debug|x64.ActiveCfg = Debug|Any CPU
		{CC37056F-C1A9-471F-96FB-23E77850F9E8}.Debug|x64.Build.0 = Debug|Any CPU
		{CC37056F-C1A9-471F-96FB-23E77850F9E8}.Debug|x86.ActiveCfg = Debug|Any CPU
		{CC37056F-C1A9-471F-96FB-23E77850F9E8}.Debug|x86.Build.0 = Debug|Any CPU
		{CC37056F-C1A9-471F-96FB-23E77850F9E8}.Release|Any CPU.ActiveCfg = Release|Any CPU
		{CC37056F-C1A9-471F-96FB-23E77850F9E8}.Release|Any CPU.Build.0 = Release|Any CPU
		{CC37056F-C1A9-471F-96FB-23E77850F9E8}.Release|x64.ActiveCfg = Release|Any CPU
		{CC37056F-C1A9-471F-96FB-23E77850F9E8}.Release|x64.Build.0 = Release|Any CPU
		{CC37056F-C1A9-471F-96FB-23E77850F9E8}.Release|x86.ActiveCfg = Release|Any CPU
		{CC37056F-C1A9-471F-96FB-23E77850F9E8}.Release|x86.Build.0 = Release|Any CPU
		{36DA9FC3-B273-460D-9519-210FC126C12F}.Debug|Any CPU.ActiveCfg = Debug|Any CPU
		{36DA9FC3-B273-460D-9519-210FC126C12F}.Debug|Any CPU.Build.0 = Debug|Any CPU
		{36DA9FC3-B273-460D-9519-210FC126C12F}.Debug|x64.ActiveCfg = Debug|Any CPU
		{36DA9FC3-B273-460D-9519-210FC126C12F}.Debug|x64.Build.0 = Debug|Any CPU
		{36DA9FC3-B273-460D-9519-210FC126C12F}.Debug|x86.ActiveCfg = Debug|Any CPU
		{36DA9FC3-B273-460D-9519-210FC126C12F}.Debug|x86.Build.0 = Debug|Any CPU
		{36DA9FC3-B273-460D-9519-210FC126C12F}.Release|Any CPU.ActiveCfg = Release|Any CPU
		{36DA9FC3-B273-460D-9519-210FC126C12F}.Release|Any CPU.Build.0 = Release|Any CPU
		{36DA9FC3-B273-460D-9519-210FC126C12F}.Release|x64.ActiveCfg = Release|Any CPU
		{36DA9FC3-B273-460D-9519-210FC126C12F}.Release|x64.Build.0 = Release|Any CPU
		{36DA9FC3-B273-460D-9519-210FC126C12F}.Release|x86.ActiveCfg = Release|Any CPU
		{36DA9FC3-B273-460D-9519-210FC126C12F}.Release|x86.Build.0 = Release|Any CPU
		{26ABD6D3-1221-4B5E-BEDA-18837F623C1E}.Debug|Any CPU.ActiveCfg = Debug|Any CPU
		{26ABD6D3-1221-4B5E-BEDA-18837F623C1E}.Debug|Any CPU.Build.0 = Debug|Any CPU
		{26ABD6D3-1221-4B5E-BEDA-18837F623C1E}.Debug|x64.ActiveCfg = Debug|Any CPU
		{26ABD6D3-1221-4B5E-BEDA-18837F623C1E}.Debug|x64.Build.0 = Debug|Any CPU
		{26ABD6D3-1221-4B5E-BEDA-18837F623C1E}.Debug|x86.ActiveCfg = Debug|Any CPU
		{26ABD6D3-1221-4B5E-BEDA-18837F623C1E}.Debug|x86.Build.0 = Debug|Any CPU
		{26ABD6D3-1221-4B5E-BEDA-18837F623C1E}.Release|Any CPU.ActiveCfg = Release|Any CPU
		{26ABD6D3-1221-4B5E-BEDA-18837F623C1E}.Release|Any CPU.Build.0 = Release|Any CPU
		{26ABD6D3-1221-4B5E-BEDA-18837F623C1E}.Release|x64.ActiveCfg = Release|Any CPU
		{26ABD6D3-1221-4B5E-BEDA-18837F623C1E}.Release|x64.Build.0 = Release|Any CPU
		{26ABD6D3-1221-4B5E-BEDA-18837F623C1E}.Release|x86.ActiveCfg = Release|Any CPU
		{26ABD6D3-1221-4B5E-BEDA-18837F623C1E}.Release|x86.Build.0 = Release|Any CPU
		{A4471605-7453-41CC-B296-5C7AA113EB27}.Debug|Any CPU.ActiveCfg = Debug|Any CPU
		{A4471605-7453-41CC-B296-5C7AA113EB27}.Debug|Any CPU.Build.0 = Debug|Any CPU
		{A4471605-7453-41CC-B296-5C7AA113EB27}.Debug|x64.ActiveCfg = Debug|Any CPU
		{A4471605-7453-41CC-B296-5C7AA113EB27}.Debug|x64.Build.0 = Debug|Any CPU
		{A4471605-7453-41CC-B296-5C7AA113EB27}.Debug|x86.ActiveCfg = Debug|Any CPU
		{A4471605-7453-41CC-B296-5C7AA113EB27}.Debug|x86.Build.0 = Debug|Any CPU
		{A4471605-7453-41CC-B296-5C7AA113EB27}.Release|Any CPU.ActiveCfg = Release|Any CPU
		{A4471605-7453-41CC-B296-5C7AA113EB27}.Release|Any CPU.Build.0 = Release|Any CPU
		{A4471605-7453-41CC-B296-5C7AA113EB27}.Release|x64.ActiveCfg = Release|Any CPU
		{A4471605-7453-41CC-B296-5C7AA113EB27}.Release|x64.Build.0 = Release|Any CPU
		{A4471605-7453-41CC-B296-5C7AA113EB27}.Release|x86.ActiveCfg = Release|Any CPU
		{A4471605-7453-41CC-B296-5C7AA113EB27}.Release|x86.Build.0 = Release|Any CPU
		{731820AE-87F3-46B6-9DCC-7B13BC369F4E}.Debug|Any CPU.ActiveCfg = Debug|Any CPU
		{731820AE-87F3-46B6-9DCC-7B13BC369F4E}.Debug|Any CPU.Build.0 = Debug|Any CPU
		{731820AE-87F3-46B6-9DCC-7B13BC369F4E}.Debug|x64.ActiveCfg = Debug|Any CPU
		{731820AE-87F3-46B6-9DCC-7B13BC369F4E}.Debug|x64.Build.0 = Debug|Any CPU
		{731820AE-87F3-46B6-9DCC-7B13BC369F4E}.Debug|x86.ActiveCfg = Debug|Any CPU
		{731820AE-87F3-46B6-9DCC-7B13BC369F4E}.Debug|x86.Build.0 = Debug|Any CPU
		{731820AE-87F3-46B6-9DCC-7B13BC369F4E}.Release|Any CPU.ActiveCfg = Release|Any CPU
		{731820AE-87F3-46B6-9DCC-7B13BC369F4E}.Release|Any CPU.Build.0 = Release|Any CPU
		{731820AE-87F3-46B6-9DCC-7B13BC369F4E}.Release|x64.ActiveCfg = Release|Any CPU
		{731820AE-87F3-46B6-9DCC-7B13BC369F4E}.Release|x64.Build.0 = Release|Any CPU
		{731820AE-87F3-46B6-9DCC-7B13BC369F4E}.Release|x86.ActiveCfg = Release|Any CPU
		{731820AE-87F3-46B6-9DCC-7B13BC369F4E}.Release|x86.Build.0 = Release|Any CPU
		{0641A77B-3E6F-42C5-A2BC-0FF657085AD1}.Debug|Any CPU.ActiveCfg = Debug|Any CPU
		{0641A77B-3E6F-42C5-A2BC-0FF657085AD1}.Debug|Any CPU.Build.0 = Debug|Any CPU
		{0641A77B-3E6F-42C5-A2BC-0FF657085AD1}.Debug|x64.ActiveCfg = Debug|Any CPU
		{0641A77B-3E6F-42C5-A2BC-0FF657085AD1}.Debug|x64.Build.0 = Debug|Any CPU
		{0641A77B-3E6F-42C5-A2BC-0FF657085AD1}.Debug|x86.ActiveCfg = Debug|Any CPU
		{0641A77B-3E6F-42C5-A2BC-0FF657085AD1}.Debug|x86.Build.0 = Debug|Any CPU
		{0641A77B-3E6F-42C5-A2BC-0FF657085AD1}.Release|Any CPU.ActiveCfg = Release|Any CPU
		{0641A77B-3E6F-42C5-A2BC-0FF657085AD1}.Release|Any CPU.Build.0 = Release|Any CPU
		{0641A77B-3E6F-42C5-A2BC-0FF657085AD1}.Release|x64.ActiveCfg = Release|Any CPU
		{0641A77B-3E6F-42C5-A2BC-0FF657085AD1}.Release|x64.Build.0 = Release|Any CPU
		{0641A77B-3E6F-42C5-A2BC-0FF657085AD1}.Release|x86.ActiveCfg = Release|Any CPU
		{0641A77B-3E6F-42C5-A2BC-0FF657085AD1}.Release|x86.Build.0 = Release|Any CPU
		{3038F9A4-6C43-41BE-AADD-D5F6B9A9240A}.Debug|Any CPU.ActiveCfg = Debug|Any CPU
		{3038F9A4-6C43-41BE-AADD-D5F6B9A9240A}.Debug|Any CPU.Build.0 = Debug|Any CPU
		{3038F9A4-6C43-41BE-AADD-D5F6B9A9240A}.Debug|x64.ActiveCfg = Debug|Any CPU
		{3038F9A4-6C43-41BE-AADD-D5F6B9A9240A}.Debug|x64.Build.0 = Debug|Any CPU
		{3038F9A4-6C43-41BE-AADD-D5F6B9A9240A}.Debug|x86.ActiveCfg = Debug|Any CPU
		{3038F9A4-6C43-41BE-AADD-D5F6B9A9240A}.Debug|x86.Build.0 = Debug|Any CPU
		{3038F9A4-6C43-41BE-AADD-D5F6B9A9240A}.Release|Any CPU.ActiveCfg = Release|Any CPU
		{3038F9A4-6C43-41BE-AADD-D5F6B9A9240A}.Release|Any CPU.Build.0 = Release|Any CPU
		{3038F9A4-6C43-41BE-AADD-D5F6B9A9240A}.Release|x64.ActiveCfg = Release|Any CPU
		{3038F9A4-6C43-41BE-AADD-D5F6B9A9240A}.Release|x64.Build.0 = Release|Any CPU
		{3038F9A4-6C43-41BE-AADD-D5F6B9A9240A}.Release|x86.ActiveCfg = Release|Any CPU
		{3038F9A4-6C43-41BE-AADD-D5F6B9A9240A}.Release|x86.Build.0 = Release|Any CPU
	EndGlobalSection
	GlobalSection(SolutionProperties) = preSolution
		HideSolutionNode = FALSE
	EndGlobalSection
	GlobalSection(NestedProjects) = preSolution
		{96F66A6F-69D0-44F5-9C9C-8254C4A8682C} = {827E0CD3-B72D-47B6-A68D-7590B98EB39B}
		{D2EE87FF-5D59-4D84-8422-3A81D8556A70} = {827E0CD3-B72D-47B6-A68D-7590B98EB39B}
		{CC37056F-C1A9-471F-96FB-23E77850F9E8} = {827E0CD3-B72D-47B6-A68D-7590B98EB39B}
		{36DA9FC3-B273-460D-9519-210FC126C12F} = {827E0CD3-B72D-47B6-A68D-7590B98EB39B}
		{26ABD6D3-1221-4B5E-BEDA-18837F623C1E} = {827E0CD3-B72D-47B6-A68D-7590B98EB39B}
		{A4471605-7453-41CC-B296-5C7AA113EB27} = {0AB3BF05-4346-4AA6-1389-037BE0695223}
		{731820AE-87F3-46B6-9DCC-7B13BC369F4E} = {0AB3BF05-4346-4AA6-1389-037BE0695223}
		{0641A77B-3E6F-42C5-A2BC-0FF657085AD1} = {0AB3BF05-4346-4AA6-1389-037BE0695223}
		{3038F9A4-6C43-41BE-AADD-D5F6B9A9240A} = {0AB3BF05-4346-4AA6-1389-037BE0695223}
	EndGlobalSection
EndGlobal
